// !$*UTF8*$!
{
	archiveVersion = 1;
	classes = {
	};
	objectVersion = 50;
	objects = {

/* Begin PBXBuildFile section */
		B156DA93DABE6D1CBB492048 /* Pods_Demo_FaceID.framework in Frameworks */ = {isa = PBXBuildFile; fileRef = 93D4F29AD02E6698C204420C /* Pods_Demo_FaceID.framework */; };
		CEF88D5E269EE0DE00F5E2A7 /* AppDelegate.swift in Sources */ = {isa = PBXBuildFile; fileRef = CEF88D5D269EE0DE00F5E2A7 /* AppDelegate.swift */; };
		CEF88D60269EE0DE00F5E2A7 /* SceneDelegate.swift in Sources */ = {isa = PBXBuildFile; fileRef = CEF88D5F269EE0DE00F5E2A7 /* SceneDelegate.swift */; };
		CEF88D62269EE0DE00F5E2A7 /* ViewController.swift in Sources */ = {isa = PBXBuildFile; fileRef = CEF88D61269EE0DE00F5E2A7 /* ViewController.swift */; };
		CEF88D65269EE0DE00F5E2A7 /* Main.storyboard in Resources */ = {isa = PBXBuildFile; fileRef = CEF88D63269EE0DE00F5E2A7 /* Main.storyboard */; };
		CEF88D67269EE0DE00F5E2A7 /* Assets.xcassets in Resources */ = {isa = PBXBuildFile; fileRef = CEF88D66269EE0DE00F5E2A7 /* Assets.xcassets */; };
		CEF88D6A269EE0DE00F5E2A7 /* LaunchScreen.storyboard in Resources */ = {isa = PBXBuildFile; fileRef = CEF88D68269EE0DE00F5E2A7 /* LaunchScreen.storyboard */; };
/* End PBXBuildFile section */

/* Begin PBXFileReference section */
		5E19B99E6440B887E80F5D95 /* Pods-Demo-FaceID.release.xcconfig */ = {isa = PBXFileReference; includeInIndex = 1; lastKnownFileType = text.xcconfig; name = "Pods-Demo-FaceID.release.xcconfig"; path = "Target Support Files/Pods-Demo-FaceID/Pods-Demo-FaceID.release.xcconfig"; sourceTree = "<group>"; };
		93D4F29AD02E6698C204420C /* Pods_Demo_FaceID.framework */ = {isa = PBXFileReference; explicitFileType = wrapper.framework; includeInIndex = 0; path = Pods_Demo_FaceID.framework; sourceTree = BUILT_PRODUCTS_DIR; };
		A68172C33641791E90191408 /* Pods-Demo-FaceID.debug.xcconfig */ = {isa = PBXFileReference; includeInIndex = 1; lastKnownFileType = text.xcconfig; name = "Pods-Demo-FaceID.debug.xcconfig"; path = "Target Support Files/Pods-Demo-FaceID/Pods-Demo-FaceID.debug.xcconfig"; sourceTree = "<group>"; };
		CEF88D5A269EE0DE00F5E2A7 /* Demo-FaceID.app */ = {isa = PBXFileReference; explicitFileType = wrapper.application; includeInIndex = 0; path = "Demo-FaceID.app"; sourceTree = BUILT_PRODUCTS_DIR; };
		CEF88D5D269EE0DE00F5E2A7 /* AppDelegate.swift */ = {isa = PBXFileReference; lastKnownFileType = sourcecode.swift; path = AppDelegate.swift; sourceTree = "<group>"; };
		CEF88D5F269EE0DE00F5E2A7 /* SceneDelegate.swift */ = {isa = PBXFileReference; lastKnownFileType = sourcecode.swift; path = SceneDelegate.swift; sourceTree = "<group>"; };
		CEF88D61269EE0DE00F5E2A7 /* ViewController.swift */ = {isa = PBXFileReference; lastKnownFileType = sourcecode.swift; path = ViewController.swift; sourceTree = "<group>"; };
		CEF88D64269EE0DE00F5E2A7 /* Base */ = {isa = PBXFileReference; lastKnownFileType = file.storyboard; name = Base; path = Base.lproj/Main.storyboard; sourceTree = "<group>"; };
		CEF88D66269EE0DE00F5E2A7 /* Assets.xcassets */ = {isa = PBXFileReference; lastKnownFileType = folder.assetcatalog; path = Assets.xcassets; sourceTree = "<group>"; };
		CEF88D69269EE0DE00F5E2A7 /* Base */ = {isa = PBXFileReference; lastKnownFileType = file.storyboard; name = Base; path = Base.lproj/LaunchScreen.storyboard; sourceTree = "<group>"; };
		CEF88D6B269EE0DE00F5E2A7 /* Info.plist */ = {isa = PBXFileReference; lastKnownFileType = text.plist.xml; path = Info.plist; sourceTree = "<group>"; };
/* End PBXFileReference section */

/* Begin PBXFrameworksBuildPhase section */
		CEF88D57269EE0DE00F5E2A7 /* Frameworks */ = {
			isa = PBXFrameworksBuildPhase;
			buildActionMask = 2147483647;
			files = (
				B156DA93DABE6D1CBB492048 /* Pods_Demo_FaceID.framework in Frameworks */,
			);
			runOnlyForDeploymentPostprocessing = 0;
		};
/* End PBXFrameworksBuildPhase section */

/* Begin PBXGroup section */
		82A8973EFC95269FB08BADAF /* Pods */ = {
			isa = PBXGroup;
			children = (
				A68172C33641791E90191408 /* Pods-Demo-FaceID.debug.xcconfig */,
				5E19B99E6440B887E80F5D95 /* Pods-Demo-FaceID.release.xcconfig */,
			);
			name = Pods;
			path = Pods;
			sourceTree = "<group>";
		};
		A558DF20F2A2AB3C0EE8C1C3 /* Frameworks */ = {
			isa = PBXGroup;
			children = (
				93D4F29AD02E6698C204420C /* Pods_Demo_FaceID.framework */,
			);
			name = Frameworks;
			sourceTree = "<group>";
		};
		CEF88D51269EE0DE00F5E2A7 = {
			isa = PBXGroup;
			children = (
				CEF88D5C269EE0DE00F5E2A7 /* Demo-FaceID */,
				CEF88D5B269EE0DE00F5E2A7 /* Products */,
				82A8973EFC95269FB08BADAF /* Pods */,
				A558DF20F2A2AB3C0EE8C1C3 /* Frameworks */,
			);
			sourceTree = "<group>";
		};
		CEF88D5B269EE0DE00F5E2A7 /* Products */ = {
			isa = PBXGroup;
			children = (
				CEF88D5A269EE0DE00F5E2A7 /* Demo-FaceID.app */,
			);
			name = Products;
			sourceTree = "<group>";
		};
		CEF88D5C269EE0DE00F5E2A7 /* Demo-FaceID */ = {
			isa = PBXGroup;
			children = (
				CEF88D5D269EE0DE00F5E2A7 /* AppDelegate.swift */,
				CEF88D5F269EE0DE00F5E2A7 /* SceneDelegate.swift */,
				CEF88D61269EE0DE00F5E2A7 /* ViewController.swift */,
				CEF88D63269EE0DE00F5E2A7 /* Main.storyboard */,
				CEF88D66269EE0DE00F5E2A7 /* Assets.xcassets */,
				CEF88D68269EE0DE00F5E2A7 /* LaunchScreen.storyboard */,
				CEF88D6B269EE0DE00F5E2A7 /* Info.plist */,
			);
			path = "Demo-FaceID";
			sourceTree = "<group>";
		};
/* End PBXGroup section */

/* Begin PBXNativeTarget section */
		CEF88D59269EE0DE00F5E2A7 /* Demo-FaceID */ = {
			isa = PBXNativeTarget;
			buildConfigurationList = CEF88D6E269EE0DE00F5E2A7 /* Build configuration list for PBXNativeTarget "Demo-FaceID" */;
			buildPhases = (
				9CB80F7D24146FDE2B9968E2 /* [CP] Check Pods Manifest.lock */,
				CEF88D56269EE0DE00F5E2A7 /* Sources */,
				CEF88D57269EE0DE00F5E2A7 /* Frameworks */,
				CEF88D58269EE0DE00F5E2A7 /* Resources */,
				F05B922B543385BF4C76BD3F /* [CP] Embed Pods Frameworks */,
			);
			buildRules = (
			);
			dependencies = (
			);
			name = "Demo-FaceID";
			productName = "Demo-FaceID";
			productReference = CEF88D5A269EE0DE00F5E2A7 /* Demo-FaceID.app */;
			productType = "com.apple.product-type.application";
		};
/* End PBXNativeTarget section */

/* Begin PBXProject section */
		CEF88D52269EE0DE00F5E2A7 /* Project object */ = {
			isa = PBXProject;
			attributes = {
				LastSwiftUpdateCheck = 1240;
				LastUpgradeCheck = 1240;
				TargetAttributes = {
					CEF88D59269EE0DE00F5E2A7 = {
						CreatedOnToolsVersion = 12.4;
					};
				};
			};
			buildConfigurationList = CEF88D55269EE0DE00F5E2A7 /* Build configuration list for PBXProject "Demo-FaceID" */;
			compatibilityVersion = "Xcode 9.3";
			developmentRegion = en;
			hasScannedForEncodings = 0;
			knownRegions = (
				en,
				Base,
			);
			mainGroup = CEF88D51269EE0DE00F5E2A7;
			productRefGroup = CEF88D5B269EE0DE00F5E2A7 /* Products */;
			projectDirPath = "";
			projectRoot = "";
			targets = (
				CEF88D59269EE0DE00F5E2A7 /* Demo-FaceID */,
			);
		};
/* End PBXProject section */

/* Begin PBXResourcesBuildPhase section */
		CEF88D58269EE0DE00F5E2A7 /* Resources */ = {
			isa = PBXResourcesBuildPhase;
			buildActionMask = 2147483647;
			files = (
				CEF88D6A269EE0DE00F5E2A7 /* LaunchScreen.storyboard in Resources */,
				CEF88D67269EE0DE00F5E2A7 /* Assets.xcassets in Resources */,
				CEF88D65269EE0DE00F5E2A7 /* Main.storyboard in Resources */,
			);
			runOnlyForDeploymentPostprocessing = 0;
		};
/* End PBXResourcesBuildPhase section */

/* Begin PBXShellScriptBuildPhase section */
		9CB80F7D24146FDE2B9968E2 /* [CP] Check Pods Manifest.lock */ = {
			isa = PBXShellScriptBuildPhase;
			buildActionMask = 2147483647;
			files = (
			);
			inputFileListPaths = (
			);
			inputPaths = (
				"${PODS_PODFILE_DIR_PATH}/Podfile.lock",
				"${PODS_ROOT}/Manifest.lock",
			);
			name = "[CP] Check Pods Manifest.lock";
			outputFileListPaths = (
			);
			outputPaths = (
				"$(DERIVED_FILE_DIR)/Pods-Demo-FaceID-checkManifestLockResult.txt",
			);
			runOnlyForDeploymentPostprocessing = 0;
			shellPath = /bin/sh;
			shellScript = "diff \"${PODS_PODFILE_DIR_PATH}/Podfile.lock\" \"${PODS_ROOT}/Manifest.lock\" > /dev/null\nif [ $? != 0 ] ; then\n    # print error to STDERR\n    echo \"error: The sandbox is not in sync with the Podfile.lock. Run 'pod install' or update your CocoaPods installation.\" >&2\n    exit 1\nfi\n# This output is used by Xcode 'outputs' to avoid re-running this script phase.\necho \"SUCCESS\" > \"${SCRIPT_OUTPUT_FILE_0}\"\n";
			showEnvVarsInLog = 0;
		};
		F05B922B543385BF4C76BD3F /* [CP] Embed Pods Frameworks */ = {
			isa = PBXShellScriptBuildPhase;
			buildActionMask = 2147483647;
			files = (
			);
			inputFileListPaths = (
				"${PODS_ROOT}/Target Support Files/Pods-Demo-FaceID/Pods-Demo-FaceID-frameworks-${CONFIGURATION}-input-files.xcfilelist",
			);
			name = "[CP] Embed Pods Frameworks";
			outputFileListPaths = (
				"${PODS_ROOT}/Target Support Files/Pods-Demo-FaceID/Pods-Demo-FaceID-frameworks-${CONFIGURATION}-output-files.xcfilelist",
			);
			runOnlyForDeploymentPostprocessing = 0;
			shellPath = /bin/sh;
			shellScript = "\"${PODS_ROOT}/Target Support Files/Pods-Demo-FaceID/Pods-Demo-FaceID-frameworks.sh\"\n";
			showEnvVarsInLog = 0;
		};
/* End PBXShellScriptBuildPhase section */

/* Begin PBXSourcesBuildPhase section */
		CEF88D56269EE0DE00F5E2A7 /* Sources */ = {
			isa = PBXSourcesBuildPhase;
			buildActionMask = 2147483647;
			files = (
				CEF88D62269EE0DE00F5E2A7 /* ViewController.swift in Sources */,
				CEF88D5E269EE0DE00F5E2A7 /* AppDelegate.swift in Sources */,
				CEF88D60269EE0DE00F5E2A7 /* SceneDelegate.swift in Sources */,
			);
			runOnlyForDeploymentPostprocessing = 0;
		};
/* End PBXSourcesBuildPhase section */

/* Begin PBXVariantGroup section */
		CEF88D63269EE0DE00F5E2A7 /* Main.storyboard */ = {
			isa = PBXVariantGroup;
			children = (
				CEF88D64269EE0DE00F5E2A7 /* Base */,
			);
			name = Main.storyboard;
			sourceTree = "<group>";
		};
		CEF88D68269EE0DE00F5E2A7 /* LaunchScreen.storyboard */ = {
			isa = PBXVariantGroup;
			children = (
				CEF88D69269EE0DE00F5E2A7 /* Base */,
			);
			name = LaunchScreen.storyboard;
			sourceTree = "<group>";
		};
/* End PBXVariantGroup section */

/* Begin XCBuildConfiguration section */
		CEF88D6C269EE0DE00F5E2A7 /* Debug */ = {
			isa = XCBuildConfiguration;
			buildSettings = {
				ALWAYS_SEARCH_USER_PATHS = NO;
				CLANG_ANALYZER_NONNULL = YES;
				CLANG_ANALYZER_NUMBER_OBJECT_CONVERSION = YES_AGGRESSIVE;
				CLANG_CXX_LANGUAGE_STANDARD = "gnu++14";
				CLANG_CXX_LIBRARY = "libc++";
				CLANG_ENABLE_MODULES = YES;
				CLANG_ENABLE_OBJC_ARC = YES;
				CLANG_ENABLE_OBJC_WEAK = YES;
				CLANG_WARN_BLOCK_CAPTURE_AUTORELEASING = YES;
				CLANG_WARN_BOOL_CONVERSION = YES;
				CLANG_WARN_COMMA = YES;
				CLANG_WARN_CONSTANT_CONVERSION = YES;
				CLANG_WARN_DEPRECATED_OBJC_IMPLEMENTATIONS = YES;
				CLANG_WARN_DIRECT_OBJC_ISA_USAGE = YES_ERROR;
				CLANG_WARN_DOCUMENTATION_COMMENTS = YES;
				CLANG_WARN_EMPTY_BODY = YES;
				CLANG_WARN_ENUM_CONVERSION = YES;
				CLANG_WARN_INFINITE_RECURSION = YES;
				CLANG_WARN_INT_CONVERSION = YES;
				CLANG_WARN_NON_LITERAL_NULL_CONVERSION = YES;
				CLANG_WARN_OBJC_IMPLICIT_RETAIN_SELF = YES;
				CLANG_WARN_OBJC_LITERAL_CONVERSION = YES;
				CLANG_WARN_OBJC_ROOT_CLASS = YES_ERROR;
				CLANG_WARN_QUOTED_INCLUDE_IN_FRAMEWORK_HEADER = YES;
				CLANG_WARN_RANGE_LOOP_ANALYSIS = YES;
				CLANG_WARN_STRICT_PROTOTYPES = YES;
				CLANG_WARN_SUSPICIOUS_MOVE = YES;
				CLANG_WARN_UNGUARDED_AVAILABILITY = YES_AGGRESSIVE;
				CLANG_WARN_UNREACHABLE_CODE = YES;
				CLANG_WARN__DUPLICATE_METHOD_MATCH = YES;
				COPY_PHASE_STRIP = NO;
				DEBUG_INFORMATION_FORMAT = dwarf;
				ENABLE_STRICT_OBJC_MSGSEND = YES;
				ENABLE_TESTABILITY = YES;
				GCC_C_LANGUAGE_STANDARD = gnu11;
				GCC_DYNAMIC_NO_PIC = NO;
				GCC_NO_COMMON_BLOCKS = YES;
				GCC_OPTIMIZATION_LEVEL = 0;
				GCC_PREPROCESSOR_DEFINITIONS = (
					"DEBUG=1",
					"$(inherited)",
				);
				GCC_WARN_64_TO_32_BIT_CONVERSION = YES;
				GCC_WARN_ABOUT_RETURN_TYPE = YES_ERROR;
				GCC_WARN_UNDECLARED_SELECTOR = YES;
				GCC_WARN_UNINITIALIZED_AUTOS = YES_AGGRESSIVE;
				GCC_WARN_UNUSED_FUNCTION = YES;
				GCC_WARN_UNUSED_VARIABLE = YES;
				IPHONEOS_DEPLOYMENT_TARGET = 14.4;
				MTL_ENABLE_DEBUG_INFO = INCLUDE_SOURCE;
				MTL_FAST_MATH = YES;
				ONLY_ACTIVE_ARCH = YES;
				SDKROOT = iphoneos;
				SWIFT_ACTIVE_COMPILATION_CONDITIONS = DEBUG;
				SWIFT_OPTIMIZATION_LEVEL = "-Onone";
			};
			name = Debug;
		};
		CEF88D6D269EE0DE00F5E2A7 /* Release */ = {
			isa = XCBuildConfiguration;
			buildSettings = {
				ALWAYS_SEARCH_USER_PATHS = NO;
				CLANG_ANALYZER_NONNULL = YES;
				CLANG_ANALYZER_NUMBER_OBJECT_CONVERSION = YES_AGGRESSIVE;
				CLANG_CXX_LANGUAGE_STANDARD = "gnu++14";
				CLANG_CXX_LIBRARY = "libc++";
				CLANG_ENABLE_MODULES = YES;
				CLANG_ENABLE_OBJC_ARC = YES;
				CLANG_ENABLE_OBJC_WEAK = YES;
				CLANG_WARN_BLOCK_CAPTURE_AUTORELEASING = YES;
				CLANG_WARN_BOOL_CONVERSION = YES;
				CLANG_WARN_COMMA = YES;
				CLANG_WARN_CONSTANT_CONVERSION = YES;
				CLANG_WARN_DEPRECATED_OBJC_IMPLEMENTATIONS = YES;
				CLANG_WARN_DIRECT_OBJC_ISA_USAGE = YES_ERROR;
				CLANG_WARN_DOCUMENTATION_COMMENTS = YES;
				CLANG_WARN_EMPTY_BODY = YES;
				CLANG_WARN_ENUM_CONVERSION = YES;
				CLANG_WARN_INFINITE_RECURSION = YES;
				CLANG_WARN_INT_CONVERSION = YES;
				CLANG_WARN_NON_LITERAL_NULL_CONVERSION = YES;
				CLANG_WARN_OBJC_IMPLICIT_RETAIN_SELF = YES;
				CLANG_WARN_OBJC_LITERAL_CONVERSION = YES;
				CLANG_WARN_OBJC_ROOT_CLASS = YES_ERROR;
				CLANG_WARN_QUOTED_INCLUDE_IN_FRAMEWORK_HEADER = YES;
				CLANG_WARN_RANGE_LOOP_ANALYSIS = YES;
				CLANG_WARN_STRICT_PROTOTYPES = YES;
				CLANG_WARN_SUSPICIOUS_MOVE = YES;
				CLANG_WARN_UNGUARDED_AVAILABILITY = YES_AGGRESSIVE;
				CLANG_WARN_UNREACHABLE_CODE = YES;
				CLANG_WARN__DUPLICATE_METHOD_MATCH = YES;
				COPY_PHASE_STRIP = NO;
				DEBUG_INFORMATION_FORMAT = "dwarf-with-dsym";
				ENABLE_NS_ASSERTIONS = NO;
				ENABLE_STRICT_OBJC_MSGSEND = YES;
				GCC_C_LANGUAGE_STANDARD = gnu11;
				GCC_NO_COMMON_BLOCKS = YES;
				GCC_WARN_64_TO_32_BIT_CONVERSION = YES;
				GCC_WARN_ABOUT_RETURN_TYPE = YES_ERROR;
				GCC_WARN_UNDECLARED_SELECTOR = YES;
				GCC_WARN_UNINITIALIZED_AUTOS = YES_AGGRESSIVE;
				GCC_WARN_UNUSED_FUNCTION = YES;
				GCC_WARN_UNUSED_VARIABLE = YES;
				IPHONEOS_DEPLOYMENT_TARGET = 14.4;
				MTL_ENABLE_DEBUG_INFO = NO;
				MTL_FAST_MATH = YES;
				SDKROOT = iphoneos;
				SWIFT_COMPILATION_MODE = wholemodule;
				SWIFT_OPTIMIZATION_LEVEL = "-O";
				VALIDATE_PRODUCT = YES;
			};
			name = Release;
		};
		CEF88D6F269EE0DE00F5E2A7 /* Debug */ = {
			isa = XCBuildConfiguration;
			baseConfigurationReference = A68172C33641791E90191408 /* Pods-Demo-FaceID.debug.xcconfig */;
			buildSettings = {
				ASSETCATALOG_COMPILER_APPICON_NAME = AppIcon;
				ASSETCATALOG_COMPILER_GLOBAL_ACCENT_COLOR_NAME = AccentColor;
				CODE_SIGN_STYLE = Automatic;
				DEVELOPMENT_TEAM = 2VJ2B7A79G;
				INFOPLIST_FILE = "Demo-FaceID/Info.plist";
				LD_RUNPATH_SEARCH_PATHS = (
					"$(inherited)",
					"@executable_path/Frameworks",
				);
				PRODUCT_BUNDLE_IDENTIFIER = "com.tattoodo.assignment.Demo-FaceID";
				PRODUCT_NAME = "$(TARGET_NAME)";
				SWIFT_VERSION = 5.0;
				TARGETED_DEVICE_FAMILY = "1,2";
			};
			name = Debug;
		};
		CEF88D70269EE0DE00F5E2A7 /* Release */ = {
			isa = XCBuildConfiguration;
			baseConfigurationReference = 5E19B99E6440B887E80F5D95 /* Pods-Demo-FaceID.release.xcconfig */;
			buildSettings = {
				ASSETCATALOG_COMPILER_APPICON_NAME = AppIcon;
				ASSETCATALOG_COMPILER_GLOBAL_ACCENT_COLOR_NAME = AccentColor;
				CODE_SIGN_STYLE = Automatic;
				DEVELOPMENT_TEAM = 2VJ2B7A79G;
				INFOPLIST_FILE = "Demo-FaceID/Info.plist";
				LD_RUNPATH_SEARCH_PATHS = (
					"$(inherited)",
					"@executable_path/Frameworks",
				);
				PRODUCT_BUNDLE_IDENTIFIER = "com.tattoodo.assignment.Demo-FaceID";
				PRODUCT_NAME = "$(TARGET_NAME)";
				SWIFT_VERSION = 5.0;
				TARGETED_DEVICE_FAMILY = "1,2";
			};
			name = Release;
		};
/* End XCBuildConfiguration section */

/* Begin XCConfigurationList section */
		CEF88D55269EE0DE00F5E2A7 /* Build configuration list for PBXProject "Demo-FaceID" */ = {
			isa = XCConfigurationList;
			buildConfigurations = (
				CEF88D6C269EE0DE00F5E2A7 /* Debug */,
				CEF88D6D269EE0DE00F5E2A7 /* Release */,
			);
			defaultConfigurationIsVisible = 0;
			defaultConfigurationName = Release;
		};
		CEF88D6E269EE0DE00F5E2A7 /* Build configuration list for PBXNativeTarget "Demo-FaceID" */ = {
			isa = XCConfigurationList;
			buildConfigurations = (
				CEF88D6F269EE0DE00F5E2A7 /* Debug */,
				CEF88D70269EE0DE00F5E2A7 /* Release */,
			);
			defaultConfigurationIsVisible = 0;
			defaultConfigurationName = Release;
		};
/* End XCConfigurationList section */
	};
	rootObject = CEF88D52269EE0DE00F5E2A7 /* Project object */;
}
